
Microsoft Visual Studio Solution File, Format Version 12.00
# Visual Studio Version 16
VisualStudioVersion = 16.0.32002.261
MinimumVisualStudioVersion = 10.0.40219.1
Project("{FAE04EC0-301F-11D3-BF4B-00C04F79EFBC}") = "WinFormsApp1", "WinFormsApp1.csproj", "{D67B12A8-33E3-4C49-A787-DE5E7E23EA0F}"
EndProject
Global
	GlobalSection(SolutionConfigurationPlatforms) = preSolution
		Debug|Any CPU = Debug|Any CPU
		Release|Any CPU = Release|Any CPU
	EndGlobalSection
	GlobalSection(ProjectConfigurationPlatforms) = postSolution
		{D67B12A8-33E3-4C49-A787-DE5E7E23EA0F}.Debug|Any CPU.ActiveCfg = Debug|Any CPU
		{D67B12A8-33E3-4C49-A787-DE5E7E23EA0F}.Debug|Any CPU.Build.0 = Debug|Any CPU
		{D67B12A8-33E3-4C49-A787-DE5E7E23EA0F}.Release|Any CPU.ActiveCfg = Release|Any CPU
		{D67B12A8-33E3-4C49-A787-DE5E7E23EA0F}.Release|Any CPU.Build.0 = Release|Any CPU
	EndGlobalSection
	GlobalSection(SolutionProperties) = preSolution
		HideSolutionNode = FALSE
	EndGlobalSection
	GlobalSection(ExtensibilityGlobals) = postSolution
		SolutionGuid = {46854D16-32EB-4393-A60D-7E7FF6D80CF1}
	EndGlobalSection
EndGlobal
